
Microsoft Visual Studio Solution File, Format Version 12.00
# Visual Studio 15
VisualStudioVersion = 15.0.28307.1267
MinimumVisualStudioVersion = 10.0.40219.1
Project("{FAE04EC0-301F-11D3-BF4B-00C04F79EFBC}") = "DinnerPartyPlanner", "DinnerPartyPlanner\DinnerPartyPlanner.csproj", "{AD93121D-535E-43DF-AAA7-2CF389B92FA7}"
EndProject
Global
	GlobalSection(SolutionConfigurationPlatforms) = preSolution
		Debug|Any CPU = Debug|Any CPU
		Release|Any CPU = Release|Any CPU
	EndGlobalSection
	GlobalSection(ProjectConfigurationPlatforms) = postSolution
		{AD93121D-535E-43DF-AAA7-2CF389B92FA7}.Debug|Any CPU.ActiveCfg = Debug|Any CPU
		{AD93121D-535E-43DF-AAA7-2CF389B92FA7}.Debug|Any CPU.Build.0 = Debug|Any CPU
		{AD93121D-535E-43DF-AAA7-2CF389B92FA7}.Release|Any CPU.ActiveCfg = Release|Any CPU
		{AD93121D-535E-43DF-AAA7-2CF389B92FA7}.Release|Any CPU.Build.0 = Release|Any CPU
	EndGlobalSection
	GlobalSection(SolutionProperties) = preSolution
		HideSolutionNode = FALSE
	EndGlobalSection
	GlobalSection(ExtensibilityGlobals) = postSolution
		SolutionGuid = {4C2C2382-346B-4BCC-BCD4-007AB05AE56C}
	EndGlobalSection
EndGlobal
