
Microsoft Visual Studio Solution File, Format Version 12.00
# Visual Studio 15
VisualStudioVersion = 15.0.28307.1300
MinimumVisualStudioVersion = 10.0.40219.1
Project("{FAE04EC0-301F-11D3-BF4B-00C04F79EFBC}") = "InterfacePractice", "InterfacePractice\InterfacePractice.csproj", "{ED8D8524-BD06-460F-9DE2-1CD17130B4D1}"
EndProject
Global
	GlobalSection(SolutionConfigurationPlatforms) = preSolution
		Debug|Any CPU = Debug|Any CPU
		Release|Any CPU = Release|Any CPU
	EndGlobalSection
	GlobalSection(ProjectConfigurationPlatforms) = postSolution
		{ED8D8524-BD06-460F-9DE2-1CD17130B4D1}.Debug|Any CPU.ActiveCfg = Debug|Any CPU
		{ED8D8524-BD06-460F-9DE2-1CD17130B4D1}.Debug|Any CPU.Build.0 = Debug|Any CPU
		{ED8D8524-BD06-460F-9DE2-1CD17130B4D1}.Release|Any CPU.ActiveCfg = Release|Any CPU
		{ED8D8524-BD06-460F-9DE2-1CD17130B4D1}.Release|Any CPU.Build.0 = Release|Any CPU
	EndGlobalSection
	GlobalSection(SolutionProperties) = preSolution
		HideSolutionNode = FALSE
	EndGlobalSection
	GlobalSection(ExtensibilityGlobals) = postSolution
		SolutionGuid = {BD613B7E-B56D-4141-875E-3766B0B49A47}
	EndGlobalSection
EndGlobal
