
Microsoft Visual Studio Solution File, Format Version 12.00
# Visual Studio 15
VisualStudioVersion = 15.0.28307.1300
MinimumVisualStudioVersion = 10.0.40219.1
Project("{FAE04EC0-301F-11D3-BF4B-00C04F79EFBC}") = "HouseProject", "HouseProject\HouseProject.csproj", "{86018147-F7BB-4231-9CA8-AA63E384805B}"
EndProject
Global
	GlobalSection(SolutionConfigurationPlatforms) = preSolution
		Debug|Any CPU = Debug|Any CPU
		Release|Any CPU = Release|Any CPU
	EndGlobalSection
	GlobalSection(ProjectConfigurationPlatforms) = postSolution
		{86018147-F7BB-4231-9CA8-AA63E384805B}.Debug|Any CPU.ActiveCfg = Debug|Any CPU
		{86018147-F7BB-4231-9CA8-AA63E384805B}.Debug|Any CPU.Build.0 = Debug|Any CPU
		{86018147-F7BB-4231-9CA8-AA63E384805B}.Release|Any CPU.ActiveCfg = Release|Any CPU
		{86018147-F7BB-4231-9CA8-AA63E384805B}.Release|Any CPU.Build.0 = Release|Any CPU
	EndGlobalSection
	GlobalSection(SolutionProperties) = preSolution
		HideSolutionNode = FALSE
	EndGlobalSection
	GlobalSection(ExtensibilityGlobals) = postSolution
		SolutionGuid = {D7F7B606-1046-44AA-B74D-94BB56A5FB0D}
	EndGlobalSection
EndGlobal
