
Microsoft Visual Studio Solution File, Format Version 12.00
# Visual Studio 15
VisualStudioVersion = 15.0.28307.1300
MinimumVisualStudioVersion = 10.0.40219.1
Project("{FAE04EC0-301F-11D3-BF4B-00C04F79EFBC}") = "HideAndSeek", "HideAndSeek\HideAndSeek.csproj", "{751DC184-A334-42A3-86ED-E213A98A6431}"
EndProject
Global
	GlobalSection(SolutionConfigurationPlatforms) = preSolution
		Debug|Any CPU = Debug|Any CPU
		Release|Any CPU = Release|Any CPU
	EndGlobalSection
	GlobalSection(ProjectConfigurationPlatforms) = postSolution
		{751DC184-A334-42A3-86ED-E213A98A6431}.Debug|Any CPU.ActiveCfg = Debug|Any CPU
		{751DC184-A334-42A3-86ED-E213A98A6431}.Debug|Any CPU.Build.0 = Debug|Any CPU
		{751DC184-A334-42A3-86ED-E213A98A6431}.Release|Any CPU.ActiveCfg = Release|Any CPU
		{751DC184-A334-42A3-86ED-E213A98A6431}.Release|Any CPU.Build.0 = Release|Any CPU
	EndGlobalSection
	GlobalSection(SolutionProperties) = preSolution
		HideSolutionNode = FALSE
	EndGlobalSection
	GlobalSection(ExtensibilityGlobals) = postSolution
		SolutionGuid = {8063A42E-D095-4771-BC85-6338DBD9B9D8}
	EndGlobalSection
EndGlobal
