
Microsoft Visual Studio Solution File, Format Version 12.00
# Visual Studio 15
VisualStudioVersion = 15.0.28307.1300
MinimumVisualStudioVersion = 10.0.40219.1
Project("{FAE04EC0-301F-11D3-BF4B-00C04F79EFBC}") = "DinnerPartyPlanner-v3.0", "DinnerPartyPlanner-v3.0\DinnerPartyPlanner-v3.0.csproj", "{DC48E07E-8554-4C96-BBA1-6670CB78F779}"
EndProject
Global
	GlobalSection(SolutionConfigurationPlatforms) = preSolution
		Debug|Any CPU = Debug|Any CPU
		Release|Any CPU = Release|Any CPU
	EndGlobalSection
	GlobalSection(ProjectConfigurationPlatforms) = postSolution
		{DC48E07E-8554-4C96-BBA1-6670CB78F779}.Debug|Any CPU.ActiveCfg = Debug|Any CPU
		{DC48E07E-8554-4C96-BBA1-6670CB78F779}.Debug|Any CPU.Build.0 = Debug|Any CPU
		{DC48E07E-8554-4C96-BBA1-6670CB78F779}.Release|Any CPU.ActiveCfg = Release|Any CPU
		{DC48E07E-8554-4C96-BBA1-6670CB78F779}.Release|Any CPU.Build.0 = Release|Any CPU
	EndGlobalSection
	GlobalSection(SolutionProperties) = preSolution
		HideSolutionNode = FALSE
	EndGlobalSection
	GlobalSection(ExtensibilityGlobals) = postSolution
		SolutionGuid = {8F7A9A1D-6622-4533-BC9D-EE592149BF20}
	EndGlobalSection
EndGlobal
