
Microsoft Visual Studio Solution File, Format Version 12.00
# Visual Studio 15
VisualStudioVersion = 15.0.28307.1267
MinimumVisualStudioVersion = 10.0.40219.1
Project("{FAE04EC0-301F-11D3-BF4B-00C04F79EFBC}") = "FarmerTest", "FarmerTest\FarmerTest.csproj", "{929EF619-AC41-48B2-8425-BA6ABB98306F}"
EndProject
Global
	GlobalSection(SolutionConfigurationPlatforms) = preSolution
		Debug|Any CPU = Debug|Any CPU
		Release|Any CPU = Release|Any CPU
	EndGlobalSection
	GlobalSection(ProjectConfigurationPlatforms) = postSolution
		{929EF619-AC41-48B2-8425-BA6ABB98306F}.Debug|Any CPU.ActiveCfg = Debug|Any CPU
		{929EF619-AC41-48B2-8425-BA6ABB98306F}.Debug|Any CPU.Build.0 = Debug|Any CPU
		{929EF619-AC41-48B2-8425-BA6ABB98306F}.Release|Any CPU.ActiveCfg = Release|Any CPU
		{929EF619-AC41-48B2-8425-BA6ABB98306F}.Release|Any CPU.Build.0 = Release|Any CPU
	EndGlobalSection
	GlobalSection(SolutionProperties) = preSolution
		HideSolutionNode = FALSE
	EndGlobalSection
	GlobalSection(ExtensibilityGlobals) = postSolution
		SolutionGuid = {E3779F38-BA1C-4393-9D47-6A133E92EFB1}
	EndGlobalSection
EndGlobal
