
Microsoft Visual Studio Solution File, Format Version 12.00
# Visual Studio 15
VisualStudioVersion = 15.0.28307.1300
MinimumVisualStudioVersion = 10.0.40219.1
Project("{FAE04EC0-301F-11D3-BF4B-00C04F79EFBC}") = "OpenSaveDialogsExample", "OpenSaveDialogsExample\OpenSaveDialogsExample.csproj", "{05066215-98D8-41A7-B4AF-625041728CA5}"
EndProject
Global
	GlobalSection(SolutionConfigurationPlatforms) = preSolution
		Debug|Any CPU = Debug|Any CPU
		Release|Any CPU = Release|Any CPU
	EndGlobalSection
	GlobalSection(ProjectConfigurationPlatforms) = postSolution
		{05066215-98D8-41A7-B4AF-625041728CA5}.Debug|Any CPU.ActiveCfg = Debug|Any CPU
		{05066215-98D8-41A7-B4AF-625041728CA5}.Debug|Any CPU.Build.0 = Debug|Any CPU
		{05066215-98D8-41A7-B4AF-625041728CA5}.Release|Any CPU.ActiveCfg = Release|Any CPU
		{05066215-98D8-41A7-B4AF-625041728CA5}.Release|Any CPU.Build.0 = Release|Any CPU
	EndGlobalSection
	GlobalSection(SolutionProperties) = preSolution
		HideSolutionNode = FALSE
	EndGlobalSection
	GlobalSection(ExtensibilityGlobals) = postSolution
		SolutionGuid = {F249EACA-48B1-4C13-833C-075C17F07935}
	EndGlobalSection
EndGlobal
